
Microsoft Visual Studio Solution File, Format Version 12.00
# Visual Studio Version 17
VisualStudioVersion = 17.4.33103.184
MinimumVisualStudioVersion = 10.0.40219.1
Project("{9A19103F-16F7-4668-BE54-9A1E7A4F7556}") = "GYM_API", "GYM_API.csproj", "{BCC51F5E-2198-4061-A534-64DD39359144}"
EndProject
Project("{9A19103F-16F7-4668-BE54-9A1E7A4F7556}") = "GYM_MODELS", "..\GYM_MODELS\GYM_MODELS.csproj", "{F9351ECF-416A-465A-A4BF-384398170BA4}"
EndProject
Project("{9A19103F-16F7-4668-BE54-9A1E7A4F7556}") = "GYM_LOGICS", "..\GYM_LOGICS\GYM_LOGICS.csproj", "{71F2F69A-D540-4327-8960-158E669962DB}"
EndProject
Project("{FAE04EC0-301F-11D3-BF4B-00C04F79EFBC}") = "GYM_DB", "..\GYM_DB\GYM_DB.csproj", "{C60A3B51-1156-4A68-96B2-6077DE103EA8}"
EndProject
Global
	GlobalSection(SolutionConfigurationPlatforms) = preSolution
		Debug|Any CPU = Debug|Any CPU
		Release|Any CPU = Release|Any CPU
	EndGlobalSection
	GlobalSection(ProjectConfigurationPlatforms) = postSolution
		{BCC51F5E-2198-4061-A534-64DD39359144}.Debug|Any CPU.ActiveCfg = Debug|Any CPU
		{BCC51F5E-2198-4061-A534-64DD39359144}.Debug|Any CPU.Build.0 = Debug|Any CPU
		{BCC51F5E-2198-4061-A534-64DD39359144}.Release|Any CPU.ActiveCfg = Release|Any CPU
		{BCC51F5E-2198-4061-A534-64DD39359144}.Release|Any CPU.Build.0 = Release|Any CPU
		{F9351ECF-416A-465A-A4BF-384398170BA4}.Debug|Any CPU.ActiveCfg = Debug|Any CPU
		{F9351ECF-416A-465A-A4BF-384398170BA4}.Debug|Any CPU.Build.0 = Debug|Any CPU
		{F9351ECF-416A-465A-A4BF-384398170BA4}.Release|Any CPU.ActiveCfg = Release|Any CPU
		{F9351ECF-416A-465A-A4BF-384398170BA4}.Release|Any CPU.Build.0 = Release|Any CPU
		{71F2F69A-D540-4327-8960-158E669962DB}.Debug|Any CPU.ActiveCfg = Debug|Any CPU
		{71F2F69A-D540-4327-8960-158E669962DB}.Debug|Any CPU.Build.0 = Debug|Any CPU
		{71F2F69A-D540-4327-8960-158E669962DB}.Release|Any CPU.ActiveCfg = Release|Any CPU
		{71F2F69A-D540-4327-8960-158E669962DB}.Release|Any CPU.Build.0 = Release|Any CPU
		{C60A3B51-1156-4A68-96B2-6077DE103EA8}.Debug|Any CPU.ActiveCfg = Debug|Any CPU
		{C60A3B51-1156-4A68-96B2-6077DE103EA8}.Debug|Any CPU.Build.0 = Debug|Any CPU
		{C60A3B51-1156-4A68-96B2-6077DE103EA8}.Release|Any CPU.ActiveCfg = Release|Any CPU
		{C60A3B51-1156-4A68-96B2-6077DE103EA8}.Release|Any CPU.Build.0 = Release|Any CPU
	EndGlobalSection
	GlobalSection(SolutionProperties) = preSolution
		HideSolutionNode = FALSE
	EndGlobalSection
	GlobalSection(ExtensibilityGlobals) = postSolution
		SolutionGuid = {0BEB5E3B-00A4-4D30-89B6-2681FBD02163}
	EndGlobalSection
EndGlobal
